// !$*UTF8*$!
{
	archiveVersion = 1;
	classes = {
	};
	objectVersion = 46;
	objects = {

/* Begin PBXBuildFile section */
		882550121C5472B700CE6D8D /* RedViewController.swift in Sources */ = {isa = PBXBuildFile; fileRef = 882550111C5472B700CE6D8D /* RedViewController.swift */; };
		887E572B1C4DBC9B00684C85 /* AppDelegate.swift in Sources */ = {isa = PBXBuildFile; fileRef = 887E572A1C4DBC9B00684C85 /* AppDelegate.swift */; };
		887E572D1C4DBC9B00684C85 /* MainViewController.swift in Sources */ = {isa = PBXBuildFile; fileRef = 887E572C1C4DBC9B00684C85 /* MainViewController.swift */; };
		887E57301C4DBC9B00684C85 /* Main.storyboard in Resources */ = {isa = PBXBuildFile; fileRef = 887E572E1C4DBC9B00684C85 /* Main.storyboard */; };
		887E57321C4DBC9B00684C85 /* Assets.xcassets in Resources */ = {isa = PBXBuildFile; fileRef = 887E57311C4DBC9B00684C85 /* Assets.xcassets */; };
		887E57351C4DBC9B00684C85 /* LaunchScreen.storyboard in Resources */ = {isa = PBXBuildFile; fileRef = 887E57331C4DBC9B00684C85 /* LaunchScreen.storyboard */; };
		887E574B1C4DBC9B00684C85 /* ExampleAppUITests.swift in Sources */ = {isa = PBXBuildFile; fileRef = 887E574A1C4DBC9B00684C85 /* ExampleAppUITests.swift */; };
		887E57701C4DC07400684C85 /* PresenterKit.framework in Frameworks */ = {isa = PBXBuildFile; fileRef = 887E57671C4DC03B00684C85 /* PresenterKit.framework */; };
		887E57711C4DC07400684C85 /* PresenterKit.framework in Embed Frameworks */ = {isa = PBXBuildFile; fileRef = 887E57671C4DC03B00684C85 /* PresenterKit.framework */; settings = {ATTRIBUTES = (CodeSignOnCopy, RemoveHeadersOnCopy, ); }; };
/* End PBXBuildFile section */

/* Begin PBXContainerItemProxy section */
		887E57471C4DBC9B00684C85 /* PBXContainerItemProxy */ = {
			isa = PBXContainerItemProxy;
			containerPortal = 887E571F1C4DBC9B00684C85 /* Project object */;
			proxyType = 1;
			remoteGlobalIDString = 887E57261C4DBC9B00684C85;
			remoteInfo = ExampleApp;
		};
		887E57661C4DC03B00684C85 /* PBXContainerItemProxy */ = {
			isa = PBXContainerItemProxy;
			containerPortal = 887E57611C4DC03B00684C85 /* PresenterKit.xcodeproj */;
			proxyType = 2;
			remoteGlobalIDString = 88B1CF571C3F762700D1348C;
			remoteInfo = PresenterKit;
		};
		887E57681C4DC03B00684C85 /* PBXContainerItemProxy */ = {
			isa = PBXContainerItemProxy;
			containerPortal = 887E57611C4DC03B00684C85 /* PresenterKit.xcodeproj */;
			proxyType = 2;
			remoteGlobalIDString = 88B1CF611C3F762800D1348C;
			remoteInfo = PresenterKitTests;
		};
		887E57721C4DC07500684C85 /* PBXContainerItemProxy */ = {
			isa = PBXContainerItemProxy;
			containerPortal = 887E57611C4DC03B00684C85 /* PresenterKit.xcodeproj */;
			proxyType = 1;
			remoteGlobalIDString = 88B1CF561C3F762700D1348C;
			remoteInfo = PresenterKit;
		};
/* End PBXContainerItemProxy section */

/* Begin PBXCopyFilesBuildPhase section */
		887E57741C4DC07500684C85 /* Embed Frameworks */ = {
			isa = PBXCopyFilesBuildPhase;
			buildActionMask = 2147483647;
			dstPath = "";
			dstSubfolderSpec = 10;
			files = (
				887E57711C4DC07400684C85 /* PresenterKit.framework in Embed Frameworks */,
			);
			name = "Embed Frameworks";
			runOnlyForDeploymentPostprocessing = 0;
		};
/* End PBXCopyFilesBuildPhase section */

/* Begin PBXFileReference section */
		882550111C5472B700CE6D8D /* RedViewController.swift */ = {isa = PBXFileReference; fileEncoding = 4; lastKnownFileType = sourcecode.swift; path = RedViewController.swift; sourceTree = "<group>"; };
		887E57271C4DBC9B00684C85 /* ExampleApp.app */ = {isa = PBXFileReference; explicitFileType = wrapper.application; includeInIndex = 0; path = ExampleApp.app; sourceTree = BUILT_PRODUCTS_DIR; };
		887E572A1C4DBC9B00684C85 /* AppDelegate.swift */ = {isa = PBXFileReference; lastKnownFileType = sourcecode.swift; path = AppDelegate.swift; sourceTree = "<group>"; };
		887E572C1C4DBC9B00684C85 /* MainViewController.swift */ = {isa = PBXFileReference; lastKnownFileType = sourcecode.swift; path = MainViewController.swift; sourceTree = "<group>"; };
		887E572F1C4DBC9B00684C85 /* Base */ = {isa = PBXFileReference; lastKnownFileType = file.storyboard; name = Base; path = Base.lproj/Main.storyboard; sourceTree = "<group>"; };
		887E57311C4DBC9B00684C85 /* Assets.xcassets */ = {isa = PBXFileReference; lastKnownFileType = folder.assetcatalog; path = Assets.xcassets; sourceTree = "<group>"; };
		887E57341C4DBC9B00684C85 /* Base */ = {isa = PBXFileReference; lastKnownFileType = file.storyboard; name = Base; path = Base.lproj/LaunchScreen.storyboard; sourceTree = "<group>"; };
		887E57361C4DBC9B00684C85 /* Info.plist */ = {isa = PBXFileReference; lastKnownFileType = text.plist.xml; path = Info.plist; sourceTree = "<group>"; };
		887E57461C4DBC9B00684C85 /* ExampleAppUITests.xctest */ = {isa = PBXFileReference; explicitFileType = wrapper.cfbundle; includeInIndex = 0; path = ExampleAppUITests.xctest; sourceTree = BUILT_PRODUCTS_DIR; };
		887E574A1C4DBC9B00684C85 /* ExampleAppUITests.swift */ = {isa = PBXFileReference; lastKnownFileType = sourcecode.swift; path = ExampleAppUITests.swift; sourceTree = "<group>"; };
		887E574C1C4DBC9B00684C85 /* Info.plist */ = {isa = PBXFileReference; lastKnownFileType = text.plist.xml; path = Info.plist; sourceTree = "<group>"; };
		887E57611C4DC03B00684C85 /* PresenterKit.xcodeproj */ = {isa = PBXFileReference; lastKnownFileType = "wrapper.pb-project"; name = PresenterKit.xcodeproj; path = ../PresenterKit.xcodeproj; sourceTree = "<group>"; };
/* End PBXFileReference section */

/* Begin PBXFrameworksBuildPhase section */
		887E57241C4DBC9B00684C85 /* Frameworks */ = {
			isa = PBXFrameworksBuildPhase;
			buildActionMask = 2147483647;
			files = (
				887E57701C4DC07400684C85 /* PresenterKit.framework in Frameworks */,
			);
			runOnlyForDeploymentPostprocessing = 0;
		};
		887E57431C4DBC9B00684C85 /* Frameworks */ = {
			isa = PBXFrameworksBuildPhase;
			buildActionMask = 2147483647;
			files = (
			);
			runOnlyForDeploymentPostprocessing = 0;
		};
/* End PBXFrameworksBuildPhase section */

/* Begin PBXGroup section */
		887E571E1C4DBC9B00684C85 = {
			isa = PBXGroup;
			children = (
				887E57611C4DC03B00684C85 /* PresenterKit.xcodeproj */,
				887E57291C4DBC9B00684C85 /* ExampleApp */,
				887E57491C4DBC9B00684C85 /* ExampleAppUITests */,
				887E57281C4DBC9B00684C85 /* Products */,
			);
			sourceTree = "<group>";
		};
		887E57281C4DBC9B00684C85 /* Products */ = {
			isa = PBXGroup;
			children = (
				887E57271C4DBC9B00684C85 /* ExampleApp.app */,
				887E57461C4DBC9B00684C85 /* ExampleAppUITests.xctest */,
			);
			name = Products;
			sourceTree = "<group>";
		};
		887E57291C4DBC9B00684C85 /* ExampleApp */ = {
			isa = PBXGroup;
			children = (
				887E572A1C4DBC9B00684C85 /* AppDelegate.swift */,
				887E57311C4DBC9B00684C85 /* Assets.xcassets */,
				887E57361C4DBC9B00684C85 /* Info.plist */,
				887E57331C4DBC9B00684C85 /* LaunchScreen.storyboard */,
				887E572E1C4DBC9B00684C85 /* Main.storyboard */,
				887E572C1C4DBC9B00684C85 /* MainViewController.swift */,
				882550111C5472B700CE6D8D /* RedViewController.swift */,
			);
			path = ExampleApp;
			sourceTree = "<group>";
		};
		887E57491C4DBC9B00684C85 /* ExampleAppUITests */ = {
			isa = PBXGroup;
			children = (
				887E574A1C4DBC9B00684C85 /* ExampleAppUITests.swift */,
				887E574C1C4DBC9B00684C85 /* Info.plist */,
			);
			path = ExampleAppUITests;
			sourceTree = "<group>";
		};
		887E57621C4DC03B00684C85 /* Products */ = {
			isa = PBXGroup;
			children = (
				887E57671C4DC03B00684C85 /* PresenterKit.framework */,
				887E57691C4DC03B00684C85 /* PresenterKitTests.xctest */,
			);
			name = Products;
			sourceTree = "<group>";
		};
/* End PBXGroup section */

/* Begin PBXNativeTarget section */
		887E57261C4DBC9B00684C85 /* ExampleApp */ = {
			isa = PBXNativeTarget;
			buildConfigurationList = 887E574F1C4DBC9B00684C85 /* Build configuration list for PBXNativeTarget "ExampleApp" */;
			buildPhases = (
				887E57231C4DBC9B00684C85 /* Sources */,
				887E57241C4DBC9B00684C85 /* Frameworks */,
				887E57251C4DBC9B00684C85 /* Resources */,
				887E57741C4DC07500684C85 /* Embed Frameworks */,
			);
			buildRules = (
			);
			dependencies = (
				887E57731C4DC07500684C85 /* PBXTargetDependency */,
			);
			name = ExampleApp;
			productName = ExampleApp;
			productReference = 887E57271C4DBC9B00684C85 /* ExampleApp.app */;
			productType = "com.apple.product-type.application";
		};
		887E57451C4DBC9B00684C85 /* ExampleAppUITests */ = {
			isa = PBXNativeTarget;
			buildConfigurationList = 887E57551C4DBC9B00684C85 /* Build configuration list for PBXNativeTarget "ExampleAppUITests" */;
			buildPhases = (
				887E57421C4DBC9B00684C85 /* Sources */,
				887E57431C4DBC9B00684C85 /* Frameworks */,
				887E57441C4DBC9B00684C85 /* Resources */,
			);
			buildRules = (
			);
			dependencies = (
				887E57481C4DBC9B00684C85 /* PBXTargetDependency */,
			);
			name = ExampleAppUITests;
			productName = ExampleAppUITests;
			productReference = 887E57461C4DBC9B00684C85 /* ExampleAppUITests.xctest */;
			productType = "com.apple.product-type.bundle.ui-testing";
		};
/* End PBXNativeTarget section */

/* Begin PBXProject section */
		887E571F1C4DBC9B00684C85 /* Project object */ = {
			isa = PBXProject;
			attributes = {
				LastSwiftUpdateCheck = 0720;
				LastUpgradeCheck = 1200;
				ORGANIZATIONNAME = "Hexed Bits";
				TargetAttributes = {
					887E57261C4DBC9B00684C85 = {
						CreatedOnToolsVersion = 7.2;
						DevelopmentTeamName = "Jesse Squires";
						LastSwiftMigration = 0800;
						ProvisioningStyle = Manual;
					};
					887E57451C4DBC9B00684C85 = {
						CreatedOnToolsVersion = 7.2;
						LastSwiftMigration = 0800;
						ProvisioningStyle = Manual;
						TestTargetID = 887E57261C4DBC9B00684C85;
					};
				};
			};
			buildConfigurationList = 887E57221C4DBC9B00684C85 /* Build configuration list for PBXProject "ExampleApp" */;
			compatibilityVersion = "Xcode 3.2";
			developmentRegion = en;
			hasScannedForEncodings = 0;
			knownRegions = (
				en,
				Base,
			);
			mainGroup = 887E571E1C4DBC9B00684C85;
			productRefGroup = 887E57281C4DBC9B00684C85 /* Products */;
			projectDirPath = "";
			projectReferences = (
				{
					ProductGroup = 887E57621C4DC03B00684C85 /* Products */;
					ProjectRef = 887E57611C4DC03B00684C85 /* PresenterKit.xcodeproj */;
				},
			);
			projectRoot = "";
			targets = (
				887E57261C4DBC9B00684C85 /* ExampleApp */,
				887E57451C4DBC9B00684C85 /* ExampleAppUITests */,
			);
		};
/* End PBXProject section */

/* Begin PBXReferenceProxy section */
		887E57671C4DC03B00684C85 /* PresenterKit.framework */ = {
			isa = PBXReferenceProxy;
			fileType = wrapper.framework;
			path = PresenterKit.framework;
			remoteRef = 887E57661C4DC03B00684C85 /* PBXContainerItemProxy */;
			sourceTree = BUILT_PRODUCTS_DIR;
		};
		887E57691C4DC03B00684C85 /* PresenterKitTests.xctest */ = {
			isa = PBXReferenceProxy;
			fileType = wrapper.cfbundle;
			path = PresenterKitTests.xctest;
			remoteRef = 887E57681C4DC03B00684C85 /* PBXContainerItemProxy */;
			sourceTree = BUILT_PRODUCTS_DIR;
		};
/* End PBXReferenceProxy section */

/* Begin PBXResourcesBuildPhase section */
		887E57251C4DBC9B00684C85 /* Resources */ = {
			isa = PBXResourcesBuildPhase;
			buildActionMask = 2147483647;
			files = (
				887E57351C4DBC9B00684C85 /* LaunchScreen.storyboard in Resources */,
				887E57321C4DBC9B00684C85 /* Assets.xcassets in Resources */,
				887E57301C4DBC9B00684C85 /* Main.storyboard in Resources */,
			);
			runOnlyForDeploymentPostprocessing = 0;
		};
		887E57441C4DBC9B00684C85 /* Resources */ = {
			isa = PBXResourcesBuildPhase;
			buildActionMask = 2147483647;
			files = (
			);
			runOnlyForDeploymentPostprocessing = 0;
		};
/* End PBXResourcesBuildPhase section */

/* Begin PBXSourcesBuildPhase section */
		887E57231C4DBC9B00684C85 /* Sources */ = {
			isa = PBXSourcesBuildPhase;
			buildActionMask = 2147483647;
			files = (
				887E572D1C4DBC9B00684C85 /* MainViewController.swift in Sources */,
				882550121C5472B700CE6D8D /* RedViewController.swift in Sources */,
				887E572B1C4DBC9B00684C85 /* AppDelegate.swift in Sources */,
			);
			runOnlyForDeploymentPostprocessing = 0;
		};
		887E57421C4DBC9B00684C85 /* Sources */ = {
			isa = PBXSourcesBuildPhase;
			buildActionMask = 2147483647;
			files = (
				887E574B1C4DBC9B00684C85 /* ExampleAppUITests.swift in Sources */,
			);
			runOnlyForDeploymentPostprocessing = 0;
		};
/* End PBXSourcesBuildPhase section */

/* Begin PBXTargetDependency section */
		887E57481C4DBC9B00684C85 /* PBXTargetDependency */ = {
			isa = PBXTargetDependency;
			target = 887E57261C4DBC9B00684C85 /* ExampleApp */;
			targetProxy = 887E57471C4DBC9B00684C85 /* PBXContainerItemProxy */;
		};
		887E57731C4DC07500684C85 /* PBXTargetDependency */ = {
			isa = PBXTargetDependency;
			name = PresenterKit;
			targetProxy = 887E57721C4DC07500684C85 /* PBXContainerItemProxy */;
		};
/* End PBXTargetDependency section */

/* Begin PBXVariantGroup section */
		887E572E1C4DBC9B00684C85 /* Main.storyboard */ = {
			isa = PBXVariantGroup;
			children = (
				887E572F1C4DBC9B00684C85 /* Base */,
			);
			name = Main.storyboard;
			sourceTree = "<group>";
		};
		887E57331C4DBC9B00684C85 /* LaunchScreen.storyboard */ = {
			isa = PBXVariantGroup;
			children = (
				887E57341C4DBC9B00684C85 /* Base */,
			);
			name = LaunchScreen.storyboard;
			sourceTree = "<group>";
		};
/* End PBXVariantGroup section */

/* Begin XCBuildConfiguration section */
		887E574D1C4DBC9B00684C85 /* Debug */ = {
			isa = XCBuildConfiguration;
			buildSettings = {
				ALWAYS_SEARCH_USER_PATHS = NO;
				CLANG_ANALYZER_LOCALIZABILITY_NONLOCALIZED = YES;
				CLANG_CXX_LANGUAGE_STANDARD = "gnu++0x";
				CLANG_CXX_LIBRARY = "libc++";
				CLANG_ENABLE_MODULES = YES;
				CLANG_ENABLE_OBJC_ARC = YES;
				CLANG_WARN_BLOCK_CAPTURE_AUTORELEASING = YES;
				CLANG_WARN_BOOL_CONVERSION = YES;
				CLANG_WARN_COMMA = YES;
				CLANG_WARN_CONSTANT_CONVERSION = YES;
				CLANG_WARN_DEPRECATED_OBJC_IMPLEMENTATIONS = YES;
				CLANG_WARN_DIRECT_OBJC_ISA_USAGE = YES_ERROR;
				CLANG_WARN_EMPTY_BODY = YES;
				CLANG_WARN_ENUM_CONVERSION = YES;
				CLANG_WARN_INFINITE_RECURSION = YES;
				CLANG_WARN_INT_CONVERSION = YES;
				CLANG_WARN_NON_LITERAL_NULL_CONVERSION = YES;
				CLANG_WARN_OBJC_IMPLICIT_RETAIN_SELF = YES;
				CLANG_WARN_OBJC_LITERAL_CONVERSION = YES;
				CLANG_WARN_OBJC_ROOT_CLASS = YES_ERROR;
				CLANG_WARN_QUOTED_INCLUDE_IN_FRAMEWORK_HEADER = YES;
				CLANG_WARN_RANGE_LOOP_ANALYSIS = YES;
				CLANG_WARN_STRICT_PROTOTYPES = YES;
				CLANG_WARN_SUSPICIOUS_MOVE = YES;
				CLANG_WARN_UNREACHABLE_CODE = YES;
				CLANG_WARN__DUPLICATE_METHOD_MATCH = YES;
				"CODE_SIGN_IDENTITY[sdk=iphoneos*]" = "iPhone Developer";
				COPY_PHASE_STRIP = NO;
				DEBUG_INFORMATION_FORMAT = dwarf;
				ENABLE_STRICT_OBJC_MSGSEND = YES;
				ENABLE_TESTABILITY = YES;
				GCC_C_LANGUAGE_STANDARD = gnu99;
				GCC_DYNAMIC_NO_PIC = NO;
				GCC_NO_COMMON_BLOCKS = YES;
				GCC_OPTIMIZATION_LEVEL = 0;
				GCC_PREPROCESSOR_DEFINITIONS = (
					"DEBUG=1",
					"$(inherited)",
				);
				GCC_WARN_64_TO_32_BIT_CONVERSION = YES;
				GCC_WARN_ABOUT_RETURN_TYPE = YES_ERROR;
				GCC_WARN_UNDECLARED_SELECTOR = YES;
				GCC_WARN_UNINITIALIZED_AUTOS = YES_AGGRESSIVE;
				GCC_WARN_UNUSED_FUNCTION = YES;
				GCC_WARN_UNUSED_VARIABLE = YES;
				IPHONEOS_DEPLOYMENT_TARGET = 12.0;
				MTL_ENABLE_DEBUG_INFO = YES;
				ONLY_ACTIVE_ARCH = YES;
				SDKROOT = iphoneos;
				SWIFT_OPTIMIZATION_LEVEL = "-Onone";
				SWIFT_VERSION = 5.0;
				TARGETED_DEVICE_FAMILY = "1,2";
			};
			name = Debug;
		};
		887E574E1C4DBC9B00684C85 /* Release */ = {
			isa = XCBuildConfiguration;
			buildSettings = {
				ALWAYS_SEARCH_USER_PATHS = NO;
				CLANG_ANALYZER_LOCALIZABILITY_NONLOCALIZED = YES;
				CLANG_CXX_LANGUAGE_STANDARD = "gnu++0x";
				CLANG_CXX_LIBRARY = "libc++";
				CLANG_ENABLE_MODULES = YES;
				CLANG_ENABLE_OBJC_ARC = YES;
				CLANG_WARN_BLOCK_CAPTURE_AUTORELEASING = YES;
				CLANG_WARN_BOOL_CONVERSION = YES;
				CLANG_WARN_COMMA = YES;
				CLANG_WARN_CONSTANT_CONVERSION = YES;
				CLANG_WARN_DEPRECATED_OBJC_IMPLEMENTATIONS = YES;
				CLANG_WARN_DIRECT_OBJC_ISA_USAGE = YES_ERROR;
				CLANG_WARN_EMPTY_BODY = YES;
				CLANG_WARN_ENUM_CONVERSION = YES;
				CLANG_WARN_INFINITE_RECURSION = YES;
				CLANG_WARN_INT_CONVERSION = YES;
				CLANG_WARN_NON_LITERAL_NULL_CONVERSION = YES;
				CLANG_WARN_OBJC_IMPLICIT_RETAIN_SELF = YES;
				CLANG_WARN_OBJC_LITERAL_CONVERSION = YES;
				CLANG_WARN_OBJC_ROOT_CLASS = YES_ERROR;
				CLANG_WARN_QUOTED_INCLUDE_IN_FRAMEWORK_HEADER = YES;
				CLANG_WARN_RANGE_LOOP_ANALYSIS = YES;
				CLANG_WARN_STRICT_PROTOTYPES = YES;
				CLANG_WARN_SUSPICIOUS_MOVE = YES;
				CLANG_WARN_UNREACHABLE_CODE = YES;
				CLANG_WARN__DUPLICATE_METHOD_MATCH = YES;
				"CODE_SIGN_IDENTITY[sdk=iphoneos*]" = "iPhone Developer";
				COPY_PHASE_STRIP = NO;
				DEBUG_INFORMATION_FORMAT = "dwarf-with-dsym";
				ENABLE_NS_ASSERTIONS = NO;
				ENABLE_STRICT_OBJC_MSGSEND = YES;
				GCC_C_LANGUAGE_STANDARD = gnu99;
				GCC_NO_COMMON_BLOCKS = YES;
				GCC_WARN_64_TO_32_BIT_CONVERSION = YES;
				GCC_WARN_ABOUT_RETURN_TYPE = YES_ERROR;
				GCC_WARN_UNDECLARED_SELECTOR = YES;
				GCC_WARN_UNINITIALIZED_AUTOS = YES_AGGRESSIVE;
				GCC_WARN_UNUSED_FUNCTION = YES;
				GCC_WARN_UNUSED_VARIABLE = YES;
				IPHONEOS_DEPLOYMENT_TARGET = 12.0;
				MTL_ENABLE_DEBUG_INFO = NO;
				SDKROOT = iphoneos;
				SWIFT_VERSION = 5.0;
				TARGETED_DEVICE_FAMILY = "1,2";
				VALIDATE_PRODUCT = YES;
			};
			name = Release;
		};
		887E57501C4DBC9B00684C85 /* Debug */ = {
			isa = XCBuildConfiguration;
			buildSettings = {
				ALWAYS_EMBED_SWIFT_STANDARD_LIBRARIES = YES;
				ASSETCATALOG_COMPILER_APPICON_NAME = AppIcon;
				CODE_SIGN_IDENTITY = "iPhone Developer";
				CODE_SIGN_STYLE = Manual;
				DEVELOPMENT_TEAM = "";
				INFOPLIST_FILE = ExampleApp/Info.plist;
				LD_RUNPATH_SEARCH_PATHS = "$(inherited) @executable_path/Frameworks";
				PRODUCT_BUNDLE_IDENTIFIER = com.hexedbits.ExampleApp;
				PRODUCT_NAME = "$(TARGET_NAME)";
				PROVISIONING_PROFILE_SPECIFIER = "";
			};
			name = Debug;
		};
		887E57511C4DBC9B00684C85 /* Release */ = {
			isa = XCBuildConfiguration;
			buildSettings = {
				ALWAYS_EMBED_SWIFT_STANDARD_LIBRARIES = YES;
				ASSETCATALOG_COMPILER_APPICON_NAME = AppIcon;
				CODE_SIGN_IDENTITY = "iPhone Developer";
				CODE_SIGN_STYLE = Manual;
				DEVELOPMENT_TEAM = "";
				INFOPLIST_FILE = ExampleApp/Info.plist;
				LD_RUNPATH_SEARCH_PATHS = "$(inherited) @executable_path/Frameworks";
				PRODUCT_BUNDLE_IDENTIFIER = com.hexedbits.ExampleApp;
				PRODUCT_NAME = "$(TARGET_NAME)";
				PROVISIONING_PROFILE_SPECIFIER = "";
				SWIFT_OPTIMIZATION_LEVEL = "-Owholemodule";
			};
			name = Release;
		};
		887E57561C4DBC9B00684C85 /* Debug */ = {
			isa = XCBuildConfiguration;
			buildSettings = {
				"CODE_SIGN_IDENTITY[sdk=macosx*]" = "-";
				CODE_SIGN_STYLE = Manual;
				DEVELOPMENT_TEAM = "";
				INFOPLIST_FILE = ExampleAppUITests/Info.plist;
				LD_RUNPATH_SEARCH_PATHS = "$(inherited) @executable_path/Frameworks @loader_path/Frameworks";
				PRODUCT_BUNDLE_IDENTIFIER = com.hexedbits.ExampleAppUITests;
				PRODUCT_NAME = "$(TARGET_NAME)";
				PROVISIONING_PROFILE_SPECIFIER = "";
				TEST_TARGET_NAME = ExampleApp;
				USES_XCTRUNNER = YES;
			};
			name = Debug;
		};
		887E57571C4DBC9B00684C85 /* Release */ = {
			isa = XCBuildConfiguration;
			buildSettings = {
				"CODE_SIGN_IDENTITY[sdk=macosx*]" = "-";
				CODE_SIGN_STYLE = Manual;
				DEVELOPMENT_TEAM = "";
				INFOPLIST_FILE = ExampleAppUITests/Info.plist;
				LD_RUNPATH_SEARCH_PATHS = "$(inherited) @executable_path/Frameworks @loader_path/Frameworks";
				PRODUCT_BUNDLE_IDENTIFIER = com.hexedbits.ExampleAppUITests;
				PRODUCT_NAME = "$(TARGET_NAME)";
				PROVISIONING_PROFILE_SPECIFIER = "";
				SWIFT_OPTIMIZATION_LEVEL = "-Owholemodule";
				TEST_TARGET_NAME = ExampleApp;
				USES_XCTRUNNER = YES;
			};
			name = Release;
		};
/* End XCBuildConfiguration section */

/* Begin XCConfigurationList section */
		887E57221C4DBC9B00684C85 /* Build configuration list for PBXProject "ExampleApp" */ = {
			isa = XCConfigurationList;
			buildConfigurations = (
				887E574D1C4DBC9B00684C85 /* Debug */,
				887E574E1C4DBC9B00684C85 /* Release */,
			);
			defaultConfigurationIsVisible = 0;
			defaultConfigurationName = Release;
		};
		887E574F1C4DBC9B00684C85 /* Build configuration list for PBXNativeTarget "ExampleApp" */ = {
			isa = XCConfigurationList;
			buildConfigurations = (
				887E57501C4DBC9B00684C85 /* Debug */,
				887E57511C4DBC9B00684C85 /* Release */,
			);
			defaultConfigurationIsVisible = 0;
			defaultConfigurationName = Release;
		};
		887E57551C4DBC9B00684C85 /* Build configuration list for PBXNativeTarget "ExampleAppUITests" */ = {
			isa = XCConfigurationList;
			buildConfigurations = (
				887E57561C4DBC9B00684C85 /* Debug */,
				887E57571C4DBC9B00684C85 /* Release */,
			);
			defaultConfigurationIsVisible = 0;
			defaultConfigurationName = Release;
		};
/* End XCConfigurationList section */
	};
	rootObject = 887E571F1C4DBC9B00684C85 /* Project object */;
}
